
Microsoft Visual Studio Solution File, Format Version 12.00
# Visual Studio 15
VisualStudioVersion = 15.0.33026.149
MinimumVisualStudioVersion = 10.0.40219.1
Project("{8BC9CEB8-8B4A-11D0-8D11-00A0C91BC942}") = "Project366 BankingSystem", "Project366 BankingSystem\Project366 BankingSystem.vcxproj", "{0A724822-D92F-4F1F-92C6-DA151BB54792}"
EndProject
Global
	GlobalSection(SolutionConfigurationPlatforms) = preSolution
		Debug|x64 = Debug|x64
		Debug|x86 = Debug|x86
		Release|x64 = Release|x64
		Release|x86 = Release|x86
	EndGlobalSection
	GlobalSection(ProjectConfigurationPlatforms) = postSolution
		{0A724822-D92F-4F1F-92C6-DA151BB54792}.Debug|x64.ActiveCfg = Debug|x64
		{0A724822-D92F-4F1F-92C6-DA151BB54792}.Debug|x64.Build.0 = Debug|x64
		{0A724822-D92F-4F1F-92C6-DA151BB54792}.Debug|x86.ActiveCfg = Debug|Win32
		{0A724822-D92F-4F1F-92C6-DA151BB54792}.Debug|x86.Build.0 = Debug|Win32
		{0A724822-D92F-4F1F-92C6-DA151BB54792}.Release|x64.ActiveCfg = Release|x64
		{0A724822-D92F-4F1F-92C6-DA151BB54792}.Release|x64.Build.0 = Release|x64
		{0A724822-D92F-4F1F-92C6-DA151BB54792}.Release|x86.ActiveCfg = Release|Win32
		{0A724822-D92F-4F1F-92C6-DA151BB54792}.Release|x86.Build.0 = Release|Win32
	EndGlobalSection
	GlobalSection(SolutionProperties) = preSolution
		HideSolutionNode = FALSE
	EndGlobalSection
	GlobalSection(ExtensibilityGlobals) = postSolution
		SolutionGuid = {70BF233F-5B15-466A-9306-EC095BDF5F93}
	EndGlobalSection
EndGlobal
