
Microsoft Visual Studio Solution File, Format Version 12.00
# Visual Studio 15
VisualStudioVersion = 15.0.33026.149
MinimumVisualStudioVersion = 10.0.40219.1
Project("{8BC9CEB8-8B4A-11D0-8D11-00A0C91BC942}") = "Project207", "Project207\Project207.vcxproj", "{946CB5E9-B971-4E9E-81F2-CF237DEDE102}"
EndProject
Project("{8BC9CEB8-8B4A-11D0-8D11-00A0C91BC942}") = "Project208", "Project208\Project208.vcxproj", "{8ABCEE89-C3A3-4FA3-984C-DBDF0678EB14}"
EndProject
Global
	GlobalSection(SolutionConfigurationPlatforms) = preSolution
		Debug|x64 = Debug|x64
		Debug|x86 = Debug|x86
		Release|x64 = Release|x64
		Release|x86 = Release|x86
	EndGlobalSection
	GlobalSection(ProjectConfigurationPlatforms) = postSolution
		{946CB5E9-B971-4E9E-81F2-CF237DEDE102}.Debug|x64.ActiveCfg = Debug|x64
		{946CB5E9-B971-4E9E-81F2-CF237DEDE102}.Debug|x64.Build.0 = Debug|x64
		{946CB5E9-B971-4E9E-81F2-CF237DEDE102}.Debug|x86.ActiveCfg = Debug|Win32
		{946CB5E9-B971-4E9E-81F2-CF237DEDE102}.Debug|x86.Build.0 = Debug|Win32
		{946CB5E9-B971-4E9E-81F2-CF237DEDE102}.Release|x64.ActiveCfg = Release|x64
		{946CB5E9-B971-4E9E-81F2-CF237DEDE102}.Release|x64.Build.0 = Release|x64
		{946CB5E9-B971-4E9E-81F2-CF237DEDE102}.Release|x86.ActiveCfg = Release|Win32
		{946CB5E9-B971-4E9E-81F2-CF237DEDE102}.Release|x86.Build.0 = Release|Win32
		{8ABCEE89-C3A3-4FA3-984C-DBDF0678EB14}.Debug|x64.ActiveCfg = Debug|x64
		{8ABCEE89-C3A3-4FA3-984C-DBDF0678EB14}.Debug|x64.Build.0 = Debug|x64
		{8ABCEE89-C3A3-4FA3-984C-DBDF0678EB14}.Debug|x86.ActiveCfg = Debug|Win32
		{8ABCEE89-C3A3-4FA3-984C-DBDF0678EB14}.Debug|x86.Build.0 = Debug|Win32
		{8ABCEE89-C3A3-4FA3-984C-DBDF0678EB14}.Release|x64.ActiveCfg = Release|x64
		{8ABCEE89-C3A3-4FA3-984C-DBDF0678EB14}.Release|x64.Build.0 = Release|x64
		{8ABCEE89-C3A3-4FA3-984C-DBDF0678EB14}.Release|x86.ActiveCfg = Release|Win32
		{8ABCEE89-C3A3-4FA3-984C-DBDF0678EB14}.Release|x86.Build.0 = Release|Win32
	EndGlobalSection
	GlobalSection(SolutionProperties) = preSolution
		HideSolutionNode = FALSE
	EndGlobalSection
	GlobalSection(ExtensibilityGlobals) = postSolution
		SolutionGuid = {09120A1B-6C91-483B-874F-0960F34B0811}
	EndGlobalSection
EndGlobal
