
Microsoft Visual Studio Solution File, Format Version 12.00
# Visual Studio 15
VisualStudioVersion = 15.0.33026.149
MinimumVisualStudioVersion = 10.0.40219.1
Project("{8BC9CEB8-8B4A-11D0-8D11-00A0C91BC942}") = "uecho_server_win", "uecho_server_win\uecho_server_win.vcxproj", "{85F33FD8-E4C6-4604-8A40-632F9308C4EC}"
EndProject
Global
	GlobalSection(SolutionConfigurationPlatforms) = preSolution
		Debug|x64 = Debug|x64
		Debug|x86 = Debug|x86
		Release|x64 = Release|x64
		Release|x86 = Release|x86
	EndGlobalSection
	GlobalSection(ProjectConfigurationPlatforms) = postSolution
		{85F33FD8-E4C6-4604-8A40-632F9308C4EC}.Debug|x64.ActiveCfg = Debug|x64
		{85F33FD8-E4C6-4604-8A40-632F9308C4EC}.Debug|x64.Build.0 = Debug|x64
		{85F33FD8-E4C6-4604-8A40-632F9308C4EC}.Debug|x86.ActiveCfg = Debug|Win32
		{85F33FD8-E4C6-4604-8A40-632F9308C4EC}.Debug|x86.Build.0 = Debug|Win32
		{85F33FD8-E4C6-4604-8A40-632F9308C4EC}.Release|x64.ActiveCfg = Release|x64
		{85F33FD8-E4C6-4604-8A40-632F9308C4EC}.Release|x64.Build.0 = Release|x64
		{85F33FD8-E4C6-4604-8A40-632F9308C4EC}.Release|x86.ActiveCfg = Release|Win32
		{85F33FD8-E4C6-4604-8A40-632F9308C4EC}.Release|x86.Build.0 = Release|Win32
	EndGlobalSection
	GlobalSection(SolutionProperties) = preSolution
		HideSolutionNode = FALSE
	EndGlobalSection
	GlobalSection(ExtensibilityGlobals) = postSolution
		SolutionGuid = {B6B84D50-E606-496F-B550-78473E9D8A3C}
	EndGlobalSection
EndGlobal
