
Microsoft Visual Studio Solution File, Format Version 12.00
# Visual Studio 15
VisualStudioVersion = 15.0.33026.149
MinimumVisualStudioVersion = 10.0.40219.1
Project("{8BC9CEB8-8B4A-11D0-8D11-00A0C91BC942}") = "Project29", "Project29\Project29.vcxproj", "{7909163C-FB80-4655-B910-975EE1522B95}"
EndProject
Global
	GlobalSection(SolutionConfigurationPlatforms) = preSolution
		Debug|x64 = Debug|x64
		Debug|x86 = Debug|x86
		Release|x64 = Release|x64
		Release|x86 = Release|x86
	EndGlobalSection
	GlobalSection(ProjectConfigurationPlatforms) = postSolution
		{7909163C-FB80-4655-B910-975EE1522B95}.Debug|x64.ActiveCfg = Debug|x64
		{7909163C-FB80-4655-B910-975EE1522B95}.Debug|x64.Build.0 = Debug|x64
		{7909163C-FB80-4655-B910-975EE1522B95}.Debug|x86.ActiveCfg = Debug|Win32
		{7909163C-FB80-4655-B910-975EE1522B95}.Debug|x86.Build.0 = Debug|Win32
		{7909163C-FB80-4655-B910-975EE1522B95}.Release|x64.ActiveCfg = Release|x64
		{7909163C-FB80-4655-B910-975EE1522B95}.Release|x64.Build.0 = Release|x64
		{7909163C-FB80-4655-B910-975EE1522B95}.Release|x86.ActiveCfg = Release|Win32
		{7909163C-FB80-4655-B910-975EE1522B95}.Release|x86.Build.0 = Release|Win32
	EndGlobalSection
	GlobalSection(SolutionProperties) = preSolution
		HideSolutionNode = FALSE
	EndGlobalSection
	GlobalSection(ExtensibilityGlobals) = postSolution
		SolutionGuid = {5F5CF4EB-F14D-44F4-AD8D-5C57A0901069}
	EndGlobalSection
EndGlobal
